// !$*UTF8*$!
{
	archiveVersion = 1;
	classes = {
	};
	objectVersion = 50;
	objects = {

/* Begin PBXBuildFile section */
		D31AFE6A2355CC7E003369A0 /* NoIncenseViewController.swift in Sources */ = {isa = PBXBuildFile; fileRef = D31AFE692355CC7E003369A0 /* NoIncenseViewController.swift */; };
		D31AFE6E2355CCBD003369A0 /* ThreeIncenseViewController.swift in Sources */ = {isa = PBXBuildFile; fileRef = D31AFE6D2355CCBD003369A0 /* ThreeIncenseViewController.swift */; };
		D34CF72B23624FDE0085E430 /* IMG_2500.jpg in Resources */ = {isa = PBXBuildFile; fileRef = D34CF71B23624FDC0085E430 /* IMG_2500.jpg */; };
		D34CF72C23624FDE0085E430 /* IMG_2500-76.png in Resources */ = {isa = PBXBuildFile; fileRef = D34CF71C23624FDC0085E430 /* IMG_2500-76.png */; };
		D34CF72D23624FDE0085E430 /* IMG_2500-29@3x.png in Resources */ = {isa = PBXBuildFile; fileRef = D34CF71D23624FDD0085E430 /* IMG_2500-29@3x.png */; };
		D34CF72E23624FDE0085E430 /* IMG_2500-20@2x.png in Resources */ = {isa = PBXBuildFile; fileRef = D34CF71E23624FDD0085E430 /* IMG_2500-20@2x.png */; };
		D34CF72F23624FDE0085E430 /* IMG_2500-29@2x.png in Resources */ = {isa = PBXBuildFile; fileRef = D34CF71F23624FDD0085E430 /* IMG_2500-29@2x.png */; };
		D34CF73023624FDE0085E430 /* IMG_2500-40@2x.png in Resources */ = {isa = PBXBuildFile; fileRef = D34CF72023624FDD0085E430 /* IMG_2500-40@2x.png */; };
		D34CF73123624FDE0085E430 /* IMG_2500-60@2x.png in Resources */ = {isa = PBXBuildFile; fileRef = D34CF72123624FDD0085E430 /* IMG_2500-60@2x.png */; };
		D34CF73223624FDE0085E430 /* IMG_2500-40@3x.png in Resources */ = {isa = PBXBuildFile; fileRef = D34CF72223624FDD0085E430 /* IMG_2500-40@3x.png */; };
		D34CF73323624FDE0085E430 /* IMG_2500-29.png in Resources */ = {isa = PBXBuildFile; fileRef = D34CF72323624FDD0085E430 /* IMG_2500-29.png */; };
		D34CF73423624FDE0085E430 /* IMG_2500-83.5@2x.png in Resources */ = {isa = PBXBuildFile; fileRef = D34CF72423624FDD0085E430 /* IMG_2500-83.5@2x.png */; };
		D34CF73523624FDE0085E430 /* IMG_2500-20@3x.png in Resources */ = {isa = PBXBuildFile; fileRef = D34CF72523624FDD0085E430 /* IMG_2500-20@3x.png */; };
		D34CF73623624FDE0085E430 /* IMG_2500-40.png in Resources */ = {isa = PBXBuildFile; fileRef = D34CF72623624FDD0085E430 /* IMG_2500-40.png */; };
		D34CF73723624FDE0085E430 /* IMG_2500-60@3x.png in Resources */ = {isa = PBXBuildFile; fileRef = D34CF72723624FDD0085E430 /* IMG_2500-60@3x.png */; };
		D34CF73823624FDE0085E430 /* IMG_2500-76@2x.png in Resources */ = {isa = PBXBuildFile; fileRef = D34CF72823624FDD0085E430 /* IMG_2500-76@2x.png */; };
		D34CF73923624FDE0085E430 /* IMG_2500-1024.png in Resources */ = {isa = PBXBuildFile; fileRef = D34CF72923624FDE0085E430 /* IMG_2500-1024.png */; };
		D34CF73A23624FDE0085E430 /* IMG_2500-20.png in Resources */ = {isa = PBXBuildFile; fileRef = D34CF72A23624FDE0085E430 /* IMG_2500-20.png */; };
		D3C2D465233F42B500CFBBE3 /* AppDelegate.swift in Sources */ = {isa = PBXBuildFile; fileRef = D3C2D464233F42B500CFBBE3 /* AppDelegate.swift */; };
		D3C2D467233F42B500CFBBE3 /* ViewController.swift in Sources */ = {isa = PBXBuildFile; fileRef = D3C2D466233F42B500CFBBE3 /* ViewController.swift */; };
		D3C2D46A233F42B500CFBBE3 /* Main.storyboard in Resources */ = {isa = PBXBuildFile; fileRef = D3C2D468233F42B500CFBBE3 /* Main.storyboard */; };
		D3C2D46C233F42C400CFBBE3 /* Assets.xcassets in Resources */ = {isa = PBXBuildFile; fileRef = D3C2D46B233F42C400CFBBE3 /* Assets.xcassets */; };
		D3C2D46F233F42C400CFBBE3 /* LaunchScreen.storyboard in Resources */ = {isa = PBXBuildFile; fileRef = D3C2D46D233F42C400CFBBE3 /* LaunchScreen.storyboard */; };
		D3C2D47A233F42C500CFBBE3 /* Latin_Mass_Server_TrainerTests.swift in Sources */ = {isa = PBXBuildFile; fileRef = D3C2D479233F42C500CFBBE3 /* Latin_Mass_Server_TrainerTests.swift */; };
		D3C2D485233F42C500CFBBE3 /* Latin_Mass_Server_TrainerUITests.swift in Sources */ = {isa = PBXBuildFile; fileRef = D3C2D484233F42C500CFBBE3 /* Latin_Mass_Server_TrainerUITests.swift */; };
		D3C2D493233F43A700CFBBE3 /* IMG_1013.jpg in Resources */ = {isa = PBXBuildFile; fileRef = D3C2D492233F43A600CFBBE3 /* IMG_1013.jpg */; };
		D3C2D495233F43C700CFBBE3 /* IMG_1167.jpg in Resources */ = {isa = PBXBuildFile; fileRef = D3C2D494233F43C700CFBBE3 /* IMG_1167.jpg */; };
		D3EEF614234C80F6007D4CDA /* LearnViewController.swift in Sources */ = {isa = PBXBuildFile; fileRef = D3EEF613234C80F6007D4CDA /* LearnViewController.swift */; };
		D3EEF616234C813B007D4CDA /* QuizViewController.swift in Sources */ = {isa = PBXBuildFile; fileRef = D3EEF615234C813B007D4CDA /* QuizViewController.swift */; };
		D3EEF618234C8224007D4CDA /* GeneralKnowledgeViewController.swift in Sources */ = {isa = PBXBuildFile; fileRef = D3EEF617234C8224007D4CDA /* GeneralKnowledgeViewController.swift */; };
		D3EEF61A234C823E007D4CDA /* LowMassViewController.swift in Sources */ = {isa = PBXBuildFile; fileRef = D3EEF619234C823E007D4CDA /* LowMassViewController.swift */; };
		D3EEF61C234C8254007D4CDA /* MissaCantataViewController.swift in Sources */ = {isa = PBXBuildFile; fileRef = D3EEF61B234C8254007D4CDA /* MissaCantataViewController.swift */; };
		D3EEF61E234C8266007D4CDA /* SolemnMassViewController.swift in Sources */ = {isa = PBXBuildFile; fileRef = D3EEF61D234C8266007D4CDA /* SolemnMassViewController.swift */; };
/* End PBXBuildFile section */

/* Begin PBXContainerItemProxy section */
		D3C2D476233F42C400CFBBE3 /* PBXContainerItemProxy */ = {
			isa = PBXContainerItemProxy;
			containerPortal = D3C2D459233F42B400CFBBE3 /* Project object */;
			proxyType = 1;
			remoteGlobalIDString = D3C2D460233F42B400CFBBE3;
			remoteInfo = "Latin Mass Server Trainer";
		};
		D3C2D481233F42C500CFBBE3 /* PBXContainerItemProxy */ = {
			isa = PBXContainerItemProxy;
			containerPortal = D3C2D459233F42B400CFBBE3 /* Project object */;
			proxyType = 1;
			remoteGlobalIDString = D3C2D460233F42B400CFBBE3;
			remoteInfo = "Latin Mass Server Trainer";
		};
/* End PBXContainerItemProxy section */

/* Begin PBXFileReference section */
		D31AFE692355CC7E003369A0 /* NoIncenseViewController.swift */ = {isa = PBXFileReference; lastKnownFileType = sourcecode.swift; path = NoIncenseViewController.swift; sourceTree = "<group>"; };
		D31AFE6D2355CCBD003369A0 /* ThreeIncenseViewController.swift */ = {isa = PBXFileReference; lastKnownFileType = sourcecode.swift; path = ThreeIncenseViewController.swift; sourceTree = "<group>"; };
		D34CF71B23624FDC0085E430 /* IMG_2500.jpg */ = {isa = PBXFileReference; lastKnownFileType = image.jpeg; name = IMG_2500.jpg; path = "../../../Jerusalem, Jerusalem - Madregot HaBikur, January 2, 2013/IMG_2500.jpg"; sourceTree = "<group>"; };
		D34CF71C23624FDC0085E430 /* IMG_2500-76.png */ = {isa = PBXFileReference; lastKnownFileType = image.png; name = "IMG_2500-76.png"; path = "../../../Jerusalem, Jerusalem - Madregot HaBikur, January 2, 2013/iOS/AppIcon.appiconset/IMG_2500-76.png"; sourceTree = "<group>"; };
		D34CF71D23624FDD0085E430 /* IMG_2500-29@3x.png */ = {isa = PBXFileReference; lastKnownFileType = image.png; name = "IMG_2500-29@3x.png"; path = "../../../Jerusalem, Jerusalem - Madregot HaBikur, January 2, 2013/iOS/AppIcon.appiconset/IMG_2500-29@3x.png"; sourceTree = "<group>"; };
		D34CF71E23624FDD0085E430 /* IMG_2500-20@2x.png */ = {isa = PBXFileReference; lastKnownFileType = image.png; name = "IMG_2500-20@2x.png"; path = "../../../Jerusalem, Jerusalem - Madregot HaBikur, January 2, 2013/iOS/AppIcon.appiconset/IMG_2500-20@2x.png"; sourceTree = "<group>"; };
		D34CF71F23624FDD0085E430 /* IMG_2500-29@2x.png */ = {isa = PBXFileReference; lastKnownFileType = image.png; name = "IMG_2500-29@2x.png"; path = "../../../Jerusalem, Jerusalem - Madregot HaBikur, January 2, 2013/iOS/AppIcon.appiconset/IMG_2500-29@2x.png"; sourceTree = "<group>"; };
		D34CF72023624FDD0085E430 /* IMG_2500-40@2x.png */ = {isa = PBXFileReference; lastKnownFileType = image.png; name = "IMG_2500-40@2x.png"; path = "../../../Jerusalem, Jerusalem - Madregot HaBikur, January 2, 2013/iOS/AppIcon.appiconset/IMG_2500-40@2x.png"; sourceTree = "<group>"; };
		D34CF72123624FDD0085E430 /* IMG_2500-60@2x.png */ = {isa = PBXFileReference; lastKnownFileType = image.png; name = "IMG_2500-60@2x.png"; path = "../../../Jerusalem, Jerusalem - Madregot HaBikur, January 2, 2013/iOS/AppIcon.appiconset/IMG_2500-60@2x.png"; sourceTree = "<group>"; };
		D34CF72223624FDD0085E430 /* IMG_2500-40@3x.png */ = {isa = PBXFileReference; lastKnownFileType = image.png; name = "IMG_2500-40@3x.png"; path = "../../../Jerusalem, Jerusalem - Madregot HaBikur, January 2, 2013/iOS/AppIcon.appiconset/IMG_2500-40@3x.png"; sourceTree = "<group>"; };
		D34CF72323624FDD0085E430 /* IMG_2500-29.png */ = {isa = PBXFileReference; lastKnownFileType = image.png; name = "IMG_2500-29.png"; path = "../../../Jerusalem, Jerusalem - Madregot HaBikur, January 2, 2013/iOS/AppIcon.appiconset/IMG_2500-29.png"; sourceTree = "<group>"; };
		D34CF72423624FDD0085E430 /* IMG_2500-83.5@2x.png */ = {isa = PBXFileReference; lastKnownFileType = image.png; name = "IMG_2500-83.5@2x.png"; path = "../../../Jerusalem, Jerusalem - Madregot HaBikur, January 2, 2013/iOS/AppIcon.appiconset/IMG_2500-83.5@2x.png"; sourceTree = "<group>"; };
		D34CF72523624FDD0085E430 /* IMG_2500-20@3x.png */ = {isa = PBXFileReference; lastKnownFileType = image.png; name = "IMG_2500-20@3x.png"; path = "../../../Jerusalem, Jerusalem - Madregot HaBikur, January 2, 2013/iOS/AppIcon.appiconset/IMG_2500-20@3x.png"; sourceTree = "<group>"; };
		D34CF72623624FDD0085E430 /* IMG_2500-40.png */ = {isa = PBXFileReference; lastKnownFileType = image.png; name = "IMG_2500-40.png"; path = "../../../Jerusalem, Jerusalem - Madregot HaBikur, January 2, 2013/iOS/AppIcon.appiconset/IMG_2500-40.png"; sourceTree = "<group>"; };
		D34CF72723624FDD0085E430 /* IMG_2500-60@3x.png */ = {isa = PBXFileReference; lastKnownFileType = image.png; name = "IMG_2500-60@3x.png"; path = "../../../Jerusalem, Jerusalem - Madregot HaBikur, January 2, 2013/iOS/AppIcon.appiconset/IMG_2500-60@3x.png"; sourceTree = "<group>"; };
		D34CF72823624FDD0085E430 /* IMG_2500-76@2x.png */ = {isa = PBXFileReference; lastKnownFileType = image.png; name = "IMG_2500-76@2x.png"; path = "../../../Jerusalem, Jerusalem - Madregot HaBikur, January 2, 2013/iOS/AppIcon.appiconset/IMG_2500-76@2x.png"; sourceTree = "<group>"; };
		D34CF72923624FDE0085E430 /* IMG_2500-1024.png */ = {isa = PBXFileReference; lastKnownFileType = image.png; name = "IMG_2500-1024.png"; path = "../../../Jerusalem, Jerusalem - Madregot HaBikur, January 2, 2013/iOS/AppIcon.appiconset/IMG_2500-1024.png"; sourceTree = "<group>"; };
		D34CF72A23624FDE0085E430 /* IMG_2500-20.png */ = {isa = PBXFileReference; lastKnownFileType = image.png; name = "IMG_2500-20.png"; path = "../../../Jerusalem, Jerusalem - Madregot HaBikur, January 2, 2013/iOS/AppIcon.appiconset/IMG_2500-20.png"; sourceTree = "<group>"; };
		D3C2D461233F42B400CFBBE3 /* Latin Mass Server Trainer.app */ = {isa = PBXFileReference; explicitFileType = wrapper.application; includeInIndex = 0; path = "Latin Mass Server Trainer.app"; sourceTree = BUILT_PRODUCTS_DIR; };
		D3C2D464233F42B500CFBBE3 /* AppDelegate.swift */ = {isa = PBXFileReference; lastKnownFileType = sourcecode.swift; path = AppDelegate.swift; sourceTree = "<group>"; };
		D3C2D466233F42B500CFBBE3 /* ViewController.swift */ = {isa = PBXFileReference; lastKnownFileType = sourcecode.swift; path = ViewController.swift; sourceTree = "<group>"; };
		D3C2D469233F42B500CFBBE3 /* Base */ = {isa = PBXFileReference; lastKnownFileType = file.storyboard; name = Base; path = Base.lproj/Main.storyboard; sourceTree = "<group>"; };
		D3C2D46B233F42C400CFBBE3 /* Assets.xcassets */ = {isa = PBXFileReference; lastKnownFileType = folder.assetcatalog; path = Assets.xcassets; sourceTree = "<group>"; };
		D3C2D46E233F42C400CFBBE3 /* Base */ = {isa = PBXFileReference; lastKnownFileType = file.storyboard; name = Base; path = Base.lproj/LaunchScreen.storyboard; sourceTree = "<group>"; };
		D3C2D470233F42C400CFBBE3 /* Info.plist */ = {isa = PBXFileReference; lastKnownFileType = text.plist.xml; path = Info.plist; sourceTree = "<group>"; };
		D3C2D475233F42C400CFBBE3 /* Latin Mass Server TrainerTests.xctest */ = {isa = PBXFileReference; explicitFileType = wrapper.cfbundle; includeInIndex = 0; path = "Latin Mass Server TrainerTests.xctest"; sourceTree = BUILT_PRODUCTS_DIR; };
		D3C2D479233F42C500CFBBE3 /* Latin_Mass_Server_TrainerTests.swift */ = {isa = PBXFileReference; lastKnownFileType = sourcecode.swift; path = Latin_Mass_Server_TrainerTests.swift; sourceTree = "<group>"; };
		D3C2D47B233F42C500CFBBE3 /* Info.plist */ = {isa = PBXFileReference; lastKnownFileType = text.plist.xml; path = Info.plist; sourceTree = "<group>"; };
		D3C2D480233F42C500CFBBE3 /* Latin Mass Server TrainerUITests.xctest */ = {isa = PBXFileReference; explicitFileType = wrapper.cfbundle; includeInIndex = 0; path = "Latin Mass Server TrainerUITests.xctest"; sourceTree = BUILT_PRODUCTS_DIR; };
		D3C2D484233F42C500CFBBE3 /* Latin_Mass_Server_TrainerUITests.swift */ = {isa = PBXFileReference; lastKnownFileType = sourcecode.swift; path = Latin_Mass_Server_TrainerUITests.swift; sourceTree = "<group>"; };
		D3C2D486233F42C500CFBBE3 /* Info.plist */ = {isa = PBXFileReference; lastKnownFileType = text.plist.xml; path = Info.plist; sourceTree = "<group>"; };
		D3C2D492233F43A600CFBBE3 /* IMG_1013.jpg */ = {isa = PBXFileReference; lastKnownFileType = image.jpeg; name = IMG_1013.jpg; path = ../../../IMG_1013.jpg; sourceTree = "<group>"; };
		D3C2D494233F43C700CFBBE3 /* IMG_1167.jpg */ = {isa = PBXFileReference; lastKnownFileType = image.jpeg; name = IMG_1167.jpg; path = ../../../LatinMassServerTrainer/IMG_1167.jpg; sourceTree = "<group>"; };
		D3EEF613234C80F6007D4CDA /* LearnViewController.swift */ = {isa = PBXFileReference; lastKnownFileType = sourcecode.swift; path = LearnViewController.swift; sourceTree = "<group>"; };
		D3EEF615234C813B007D4CDA /* QuizViewController.swift */ = {isa = PBXFileReference; lastKnownFileType = sourcecode.swift; path = QuizViewController.swift; sourceTree = "<group>"; };
		D3EEF617234C8224007D4CDA /* GeneralKnowledgeViewController.swift */ = {isa = PBXFileReference; lastKnownFileType = sourcecode.swift; path = GeneralKnowledgeViewController.swift; sourceTree = "<group>"; };
		D3EEF619234C823E007D4CDA /* LowMassViewController.swift */ = {isa = PBXFileReference; lastKnownFileType = sourcecode.swift; path = LowMassViewController.swift; sourceTree = "<group>"; };
		D3EEF61B234C8254007D4CDA /* MissaCantataViewController.swift */ = {isa = PBXFileReference; lastKnownFileType = sourcecode.swift; path = MissaCantataViewController.swift; sourceTree = "<group>"; };
		D3EEF61D234C8266007D4CDA /* SolemnMassViewController.swift */ = {isa = PBXFileReference; lastKnownFileType = sourcecode.swift; path = SolemnMassViewController.swift; sourceTree = "<group>"; };
/* End PBXFileReference section */

/* Begin PBXFrameworksBuildPhase section */
		D3C2D45E233F42B400CFBBE3 /* Frameworks */ = {
			isa = PBXFrameworksBuildPhase;
			buildActionMask = 2147483647;
			files = (
			);
			runOnlyForDeploymentPostprocessing = 0;
		};
		D3C2D472233F42C400CFBBE3 /* Frameworks */ = {
			isa = PBXFrameworksBuildPhase;
			buildActionMask = 2147483647;
			files = (
			);
			runOnlyForDeploymentPostprocessing = 0;
		};
		D3C2D47D233F42C500CFBBE3 /* Frameworks */ = {
			isa = PBXFrameworksBuildPhase;
			buildActionMask = 2147483647;
			files = (
			);
			runOnlyForDeploymentPostprocessing = 0;
		};
/* End PBXFrameworksBuildPhase section */

/* Begin PBXGroup section */
		D3C2D458233F42B400CFBBE3 = {
			isa = PBXGroup;
			children = (
				D3C2D463233F42B400CFBBE3 /* Latin Mass Server Trainer */,
				D3C2D478233F42C500CFBBE3 /* Latin Mass Server TrainerTests */,
				D3C2D483233F42C500CFBBE3 /* Latin Mass Server TrainerUITests */,
				D3C2D462233F42B400CFBBE3 /* Products */,
			);
			sourceTree = "<group>";
		};
		D3C2D462233F42B400CFBBE3 /* Products */ = {
			isa = PBXGroup;
			children = (
				D3C2D461233F42B400CFBBE3 /* Latin Mass Server Trainer.app */,
				D3C2D475233F42C400CFBBE3 /* Latin Mass Server TrainerTests.xctest */,
				D3C2D480233F42C500CFBBE3 /* Latin Mass Server TrainerUITests.xctest */,
			);
			name = Products;
			sourceTree = "<group>";
		};
		D3C2D463233F42B400CFBBE3 /* Latin Mass Server Trainer */ = {
			isa = PBXGroup;
			children = (
				D3C2D494233F43C700CFBBE3 /* IMG_1167.jpg */,
				D3EEF613234C80F6007D4CDA /* LearnViewController.swift */,
				D3EEF615234C813B007D4CDA /* QuizViewController.swift */,
				D3C2D464233F42B500CFBBE3 /* AppDelegate.swift */,
				D3EEF619234C823E007D4CDA /* LowMassViewController.swift */,
				D3EEF61B234C8254007D4CDA /* MissaCantataViewController.swift */,
				D3EEF617234C8224007D4CDA /* GeneralKnowledgeViewController.swift */,
				D3C2D466233F42B500CFBBE3 /* ViewController.swift */,
				D3C2D468233F42B500CFBBE3 /* Main.storyboard */,
				D31AFE692355CC7E003369A0 /* NoIncenseViewController.swift */,
				D31AFE6D2355CCBD003369A0 /* ThreeIncenseViewController.swift */,
				D3EEF61D234C8266007D4CDA /* SolemnMassViewController.swift */,
				D3C2D492233F43A600CFBBE3 /* IMG_1013.jpg */,
				D3C2D46B233F42C400CFBBE3 /* Assets.xcassets */,
				D3C2D46D233F42C400CFBBE3 /* LaunchScreen.storyboard */,
				D3C2D470233F42C400CFBBE3 /* Info.plist */,
				D34CF72A23624FDE0085E430 /* IMG_2500-20.png */,
				D34CF71E23624FDD0085E430 /* IMG_2500-20@2x.png */,
				D34CF72523624FDD0085E430 /* IMG_2500-20@3x.png */,
				D34CF72323624FDD0085E430 /* IMG_2500-29.png */,
				D34CF71F23624FDD0085E430 /* IMG_2500-29@2x.png */,
				D34CF71D23624FDD0085E430 /* IMG_2500-29@3x.png */,
				D34CF72623624FDD0085E430 /* IMG_2500-40.png */,
				D34CF72023624FDD0085E430 /* IMG_2500-40@2x.png */,
				D34CF72223624FDD0085E430 /* IMG_2500-40@3x.png */,
				D34CF72123624FDD0085E430 /* IMG_2500-60@2x.png */,
				D34CF72723624FDD0085E430 /* IMG_2500-60@3x.png */,
				D34CF71C23624FDC0085E430 /* IMG_2500-76.png */,
				D34CF72823624FDD0085E430 /* IMG_2500-76@2x.png */,
				D34CF72423624FDD0085E430 /* IMG_2500-83.5@2x.png */,
				D34CF72923624FDE0085E430 /* IMG_2500-1024.png */,
				D34CF71B23624FDC0085E430 /* IMG_2500.jpg */,
			);
			path = "Latin Mass Server Trainer";
			sourceTree = "<group>";
		};
		D3C2D478233F42C500CFBBE3 /* Latin Mass Server TrainerTests */ = {
			isa = PBXGroup;
			children = (
				D3C2D479233F42C500CFBBE3 /* Latin_Mass_Server_TrainerTests.swift */,
				D3C2D47B233F42C500CFBBE3 /* Info.plist */,
			);
			path = "Latin Mass Server TrainerTests";
			sourceTree = "<group>";
		};
		D3C2D483233F42C500CFBBE3 /* Latin Mass Server TrainerUITests */ = {
			isa = PBXGroup;
			children = (
				D3C2D484233F42C500CFBBE3 /* Latin_Mass_Server_TrainerUITests.swift */,
				D3C2D486233F42C500CFBBE3 /* Info.plist */,
			);
			path = "Latin Mass Server TrainerUITests";
			sourceTree = "<group>";
		};
/* End PBXGroup section */

/* Begin PBXNativeTarget section */
		D3C2D460233F42B400CFBBE3 /* Latin Mass Server Trainer */ = {
			isa = PBXNativeTarget;
			buildConfigurationList = D3C2D489233F42C500CFBBE3 /* Build configuration list for PBXNativeTarget "Latin Mass Server Trainer" */;
			buildPhases = (
				D3C2D45D233F42B400CFBBE3 /* Sources */,
				D3C2D45E233F42B400CFBBE3 /* Frameworks */,
				D3C2D45F233F42B400CFBBE3 /* Resources */,
			);
			buildRules = (
			);
			dependencies = (
			);
			name = "Latin Mass Server Trainer";
			productName = "Latin Mass Server Trainer";
			productReference = D3C2D461233F42B400CFBBE3 /* Latin Mass Server Trainer.app */;
			productType = "com.apple.product-type.application";
		};
		D3C2D474233F42C400CFBBE3 /* Latin Mass Server TrainerTests */ = {
			isa = PBXNativeTarget;
			buildConfigurationList = D3C2D48C233F42C500CFBBE3 /* Build configuration list for PBXNativeTarget "Latin Mass Server TrainerTests" */;
			buildPhases = (
				D3C2D471233F42C400CFBBE3 /* Sources */,
				D3C2D472233F42C400CFBBE3 /* Frameworks */,
				D3C2D473233F42C400CFBBE3 /* Resources */,
			);
			buildRules = (
			);
			dependencies = (
				D3C2D477233F42C400CFBBE3 /* PBXTargetDependency */,
			);
			name = "Latin Mass Server TrainerTests";
			productName = "Latin Mass Server TrainerTests";
			productReference = D3C2D475233F42C400CFBBE3 /* Latin Mass Server TrainerTests.xctest */;
			productType = "com.apple.product-type.bundle.unit-test";
		};
		D3C2D47F233F42C500CFBBE3 /* Latin Mass Server TrainerUITests */ = {
			isa = PBXNativeTarget;
			buildConfigurationList = D3C2D48F233F42C500CFBBE3 /* Build configuration list for PBXNativeTarget "Latin Mass Server TrainerUITests" */;
			buildPhases = (
				D3C2D47C233F42C500CFBBE3 /* Sources */,
				D3C2D47D233F42C500CFBBE3 /* Frameworks */,
				D3C2D47E233F42C500CFBBE3 /* Resources */,
			);
			buildRules = (
			);
			dependencies = (
				D3C2D482233F42C500CFBBE3 /* PBXTargetDependency */,
			);
			name = "Latin Mass Server TrainerUITests";
			productName = "Latin Mass Server TrainerUITests";
			productReference = D3C2D480233F42C500CFBBE3 /* Latin Mass Server TrainerUITests.xctest */;
			productType = "com.apple.product-type.bundle.ui-testing";
		};
/* End PBXNativeTarget section */

/* Begin PBXProject section */
		D3C2D459233F42B400CFBBE3 /* Project object */ = {
			isa = PBXProject;
			attributes = {
				LastSwiftUpdateCheck = 1030;
				LastUpgradeCheck = 1030;
				ORGANIZATIONNAME = "Callum Hubka";
				TargetAttributes = {
					D3C2D460233F42B400CFBBE3 = {
						CreatedOnToolsVersion = 10.3;
					};
					D3C2D474233F42C400CFBBE3 = {
						CreatedOnToolsVersion = 10.3;
						TestTargetID = D3C2D460233F42B400CFBBE3;
					};
					D3C2D47F233F42C500CFBBE3 = {
						CreatedOnToolsVersion = 10.3;
						TestTargetID = D3C2D460233F42B400CFBBE3;
					};
				};
			};
			buildConfigurationList = D3C2D45C233F42B400CFBBE3 /* Build configuration list for PBXProject "Latin Mass Server Trainer" */;
			compatibilityVersion = "Xcode 9.3";
			developmentRegion = en;
			hasScannedForEncodings = 0;
			knownRegions = (
				en,
				Base,
			);
			mainGroup = D3C2D458233F42B400CFBBE3;
			productRefGroup = D3C2D462233F42B400CFBBE3 /* Products */;
			projectDirPath = "";
			projectRoot = "";
			targets = (
				D3C2D460233F42B400CFBBE3 /* Latin Mass Server Trainer */,
				D3C2D474233F42C400CFBBE3 /* Latin Mass Server TrainerTests */,
				D3C2D47F233F42C500CFBBE3 /* Latin Mass Server TrainerUITests */,
			);
		};
/* End PBXProject section */

/* Begin PBXResourcesBuildPhase section */
		D3C2D45F233F42B400CFBBE3 /* Resources */ = {
			isa = PBXResourcesBuildPhase;
			buildActionMask = 2147483647;
			files = (
				D34CF73423624FDE0085E430 /* IMG_2500-83.5@2x.png in Resources */,
				D34CF72B23624FDE0085E430 /* IMG_2500.jpg in Resources */,
				D34CF73523624FDE0085E430 /* IMG_2500-20@3x.png in Resources */,
				D34CF73923624FDE0085E430 /* IMG_2500-1024.png in Resources */,
				D34CF72C23624FDE0085E430 /* IMG_2500-76.png in Resources */,
				D34CF73723624FDE0085E430 /* IMG_2500-60@3x.png in Resources */,
				D34CF72E23624FDE0085E430 /* IMG_2500-20@2x.png in Resources */,
				D3C2D493233F43A700CFBBE3 /* IMG_1013.jpg in Resources */,
				D34CF73023624FDE0085E430 /* IMG_2500-40@2x.png in Resources */,
				D34CF72D23624FDE0085E430 /* IMG_2500-29@3x.png in Resources */,
				D34CF73A23624FDE0085E430 /* IMG_2500-20.png in Resources */,
				D34CF73823624FDE0085E430 /* IMG_2500-76@2x.png in Resources */,
				D3C2D495233F43C700CFBBE3 /* IMG_1167.jpg in Resources */,
				D34CF72F23624FDE0085E430 /* IMG_2500-29@2x.png in Resources */,
				D3C2D46F233F42C400CFBBE3 /* LaunchScreen.storyboard in Resources */,
				D34CF73123624FDE0085E430 /* IMG_2500-60@2x.png in Resources */,
				D34CF73623624FDE0085E430 /* IMG_2500-40.png in Resources */,
				D3C2D46C233F42C400CFBBE3 /* Assets.xcassets in Resources */,
				D34CF73323624FDE0085E430 /* IMG_2500-29.png in Resources */,
				D3C2D46A233F42B500CFBBE3 /* Main.storyboard in Resources */,
				D34CF73223624FDE0085E430 /* IMG_2500-40@3x.png in Resources */,
			);
			runOnlyForDeploymentPostprocessing = 0;
		};
		D3C2D473233F42C400CFBBE3 /* Resources */ = {
			isa = PBXResourcesBuildPhase;
			buildActionMask = 2147483647;
			files = (
			);
			runOnlyForDeploymentPostprocessing = 0;
		};
		D3C2D47E233F42C500CFBBE3 /* Resources */ = {
			isa = PBXResourcesBuildPhase;
			buildActionMask = 2147483647;
			files = (
			);
			runOnlyForDeploymentPostprocessing = 0;
		};
/* End PBXResourcesBuildPhase section */

/* Begin PBXSourcesBuildPhase section */
		D3C2D45D233F42B400CFBBE3 /* Sources */ = {
			isa = PBXSourcesBuildPhase;
			buildActionMask = 2147483647;
			files = (
				D31AFE6A2355CC7E003369A0 /* NoIncenseViewController.swift in Sources */,
				D3C2D467233F42B500CFBBE3 /* ViewController.swift in Sources */,
				D3C2D465233F42B500CFBBE3 /* AppDelegate.swift in Sources */,
				D3EEF61E234C8266007D4CDA /* SolemnMassViewController.swift in Sources */,
				D3EEF614234C80F6007D4CDA /* LearnViewController.swift in Sources */,
				D3EEF618234C8224007D4CDA /* GeneralKnowledgeViewController.swift in Sources */,
				D3EEF616234C813B007D4CDA /* QuizViewController.swift in Sources */,
				D3EEF61A234C823E007D4CDA /* LowMassViewController.swift in Sources */,
				D3EEF61C234C8254007D4CDA /* MissaCantataViewController.swift in Sources */,
				D31AFE6E2355CCBD003369A0 /* ThreeIncenseViewController.swift in Sources */,
			);
			runOnlyForDeploymentPostprocessing = 0;
		};
		D3C2D471233F42C400CFBBE3 /* Sources */ = {
			isa = PBXSourcesBuildPhase;
			buildActionMask = 2147483647;
			files = (
				D3C2D47A233F42C500CFBBE3 /* Latin_Mass_Server_TrainerTests.swift in Sources */,
			);
			runOnlyForDeploymentPostprocessing = 0;
		};
		D3C2D47C233F42C500CFBBE3 /* Sources */ = {
			isa = PBXSourcesBuildPhase;
			buildActionMask = 2147483647;
			files = (
				D3C2D485233F42C500CFBBE3 /* Latin_Mass_Server_TrainerUITests.swift in Sources */,
			);
			runOnlyForDeploymentPostprocessing = 0;
		};
/* End PBXSourcesBuildPhase section */

/* Begin PBXTargetDependency section */
		D3C2D477233F42C400CFBBE3 /* PBXTargetDependency */ = {
			isa = PBXTargetDependency;
			target = D3C2D460233F42B400CFBBE3 /* Latin Mass Server Trainer */;
			targetProxy = D3C2D476233F42C400CFBBE3 /* PBXContainerItemProxy */;
		};
		D3C2D482233F42C500CFBBE3 /* PBXTargetDependency */ = {
			isa = PBXTargetDependency;
			target = D3C2D460233F42B400CFBBE3 /* Latin Mass Server Trainer */;
			targetProxy = D3C2D481233F42C500CFBBE3 /* PBXContainerItemProxy */;
		};
/* End PBXTargetDependency section */

/* Begin PBXVariantGroup section */
		D3C2D468233F42B500CFBBE3 /* Main.storyboard */ = {
			isa = PBXVariantGroup;
			children = (
				D3C2D469233F42B500CFBBE3 /* Base */,
			);
			name = Main.storyboard;
			sourceTree = "<group>";
		};
		D3C2D46D233F42C400CFBBE3 /* LaunchScreen.storyboard */ = {
			isa = PBXVariantGroup;
			children = (
				D3C2D46E233F42C400CFBBE3 /* Base */,
			);
			name = LaunchScreen.storyboard;
			sourceTree = "<group>";
		};
/* End PBXVariantGroup section */

/* Begin XCBuildConfiguration section */
		D3C2D487233F42C500CFBBE3 /* Debug */ = {
			isa = XCBuildConfiguration;
			buildSettings = {
				ALWAYS_SEARCH_USER_PATHS = NO;
				CLANG_ANALYZER_NONNULL = YES;
				CLANG_ANALYZER_NUMBER_OBJECT_CONVERSION = YES_AGGRESSIVE;
				CLANG_CXX_LANGUAGE_STANDARD = "gnu++14";
				CLANG_CXX_LIBRARY = "libc++";
				CLANG_ENABLE_MODULES = YES;
				CLANG_ENABLE_OBJC_ARC = YES;
				CLANG_ENABLE_OBJC_WEAK = YES;
				CLANG_WARN_BLOCK_CAPTURE_AUTORELEASING = YES;
				CLANG_WARN_BOOL_CONVERSION = YES;
				CLANG_WARN_COMMA = YES;
				CLANG_WARN_CONSTANT_CONVERSION = YES;
				CLANG_WARN_DEPRECATED_OBJC_IMPLEMENTATIONS = YES;
				CLANG_WARN_DIRECT_OBJC_ISA_USAGE = YES_ERROR;
				CLANG_WARN_DOCUMENTATION_COMMENTS = YES;
				CLANG_WARN_EMPTY_BODY = YES;
				CLANG_WARN_ENUM_CONVERSION = YES;
				CLANG_WARN_INFINITE_RECURSION = YES;
				CLANG_WARN_INT_CONVERSION = YES;
				CLANG_WARN_NON_LITERAL_NULL_CONVERSION = YES;
				CLANG_WARN_OBJC_IMPLICIT_RETAIN_SELF = YES;
				CLANG_WARN_OBJC_LITERAL_CONVERSION = YES;
				CLANG_WARN_OBJC_ROOT_CLASS = YES_ERROR;
				CLANG_WARN_RANGE_LOOP_ANALYSIS = YES;
				CLANG_WARN_STRICT_PROTOTYPES = YES;
				CLANG_WARN_SUSPICIOUS_MOVE = YES;
				CLANG_WARN_UNGUARDED_AVAILABILITY = YES_AGGRESSIVE;
				CLANG_WARN_UNREACHABLE_CODE = YES;
				CLANG_WARN__DUPLICATE_METHOD_MATCH = YES;
				CODE_SIGN_IDENTITY = "iPhone Developer";
				COPY_PHASE_STRIP = NO;
				DEBUG_INFORMATION_FORMAT = dwarf;
				ENABLE_STRICT_OBJC_MSGSEND = YES;
				ENABLE_TESTABILITY = YES;
				GCC_C_LANGUAGE_STANDARD = gnu11;
				GCC_DYNAMIC_NO_PIC = NO;
				GCC_NO_COMMON_BLOCKS = YES;
				GCC_OPTIMIZATION_LEVEL = 0;
				GCC_PREPROCESSOR_DEFINITIONS = (
					"DEBUG=1",
					"$(inherited)",
				);
				GCC_WARN_64_TO_32_BIT_CONVERSION = YES;
				GCC_WARN_ABOUT_RETURN_TYPE = YES_ERROR;
				GCC_WARN_UNDECLARED_SELECTOR = YES;
				GCC_WARN_UNINITIALIZED_AUTOS = YES_AGGRESSIVE;
				GCC_WARN_UNUSED_FUNCTION = YES;
				GCC_WARN_UNUSED_VARIABLE = YES;
				IPHONEOS_DEPLOYMENT_TARGET = 12.4;
				MTL_ENABLE_DEBUG_INFO = INCLUDE_SOURCE;
				MTL_FAST_MATH = YES;
				ONLY_ACTIVE_ARCH = YES;
				SDKROOT = iphoneos;
				SWIFT_ACTIVE_COMPILATION_CONDITIONS = DEBUG;
				SWIFT_OPTIMIZATION_LEVEL = "-Onone";
			};
			name = Debug;
		};
		D3C2D488233F42C500CFBBE3 /* Release */ = {
			isa = XCBuildConfiguration;
			buildSettings = {
				ALWAYS_SEARCH_USER_PATHS = NO;
				CLANG_ANALYZER_NONNULL = YES;
				CLANG_ANALYZER_NUMBER_OBJECT_CONVERSION = YES_AGGRESSIVE;
				CLANG_CXX_LANGUAGE_STANDARD = "gnu++14";
				CLANG_CXX_LIBRARY = "libc++";
				CLANG_ENABLE_MODULES = YES;
				CLANG_ENABLE_OBJC_ARC = YES;
				CLANG_ENABLE_OBJC_WEAK = YES;
				CLANG_WARN_BLOCK_CAPTURE_AUTORELEASING = YES;
				CLANG_WARN_BOOL_CONVERSION = YES;
				CLANG_WARN_COMMA = YES;
				CLANG_WARN_CONSTANT_CONVERSION = YES;
				CLANG_WARN_DEPRECATED_OBJC_IMPLEMENTATIONS = YES;
				CLANG_WARN_DIRECT_OBJC_ISA_USAGE = YES_ERROR;
				CLANG_WARN_DOCUMENTATION_COMMENTS = YES;
				CLANG_WARN_EMPTY_BODY = YES;
				CLANG_WARN_ENUM_CONVERSION = YES;
				CLANG_WARN_INFINITE_RECURSION = YES;
				CLANG_WARN_INT_CONVERSION = YES;
				CLANG_WARN_NON_LITERAL_NULL_CONVERSION = YES;
				CLANG_WARN_OBJC_IMPLICIT_RETAIN_SELF = YES;
				CLANG_WARN_OBJC_LITERAL_CONVERSION = YES;
				CLANG_WARN_OBJC_ROOT_CLASS = YES_ERROR;
				CLANG_WARN_RANGE_LOOP_ANALYSIS = YES;
				CLANG_WARN_STRICT_PROTOTYPES = YES;
				CLANG_WARN_SUSPICIOUS_MOVE = YES;
				CLANG_WARN_UNGUARDED_AVAILABILITY = YES_AGGRESSIVE;
				CLANG_WARN_UNREACHABLE_CODE = YES;
				CLANG_WARN__DUPLICATE_METHOD_MATCH = YES;
				CODE_SIGN_IDENTITY = "iPhone Developer";
				COPY_PHASE_STRIP = NO;
				DEBUG_INFORMATION_FORMAT = "dwarf-with-dsym";
				ENABLE_NS_ASSERTIONS = NO;
				ENABLE_STRICT_OBJC_MSGSEND = YES;
				GCC_C_LANGUAGE_STANDARD = gnu11;
				GCC_NO_COMMON_BLOCKS = YES;
				GCC_WARN_64_TO_32_BIT_CONVERSION = YES;
				GCC_WARN_ABOUT_RETURN_TYPE = YES_ERROR;
				GCC_WARN_UNDECLARED_SELECTOR = YES;
				GCC_WARN_UNINITIALIZED_AUTOS = YES_AGGRESSIVE;
				GCC_WARN_UNUSED_FUNCTION = YES;
				GCC_WARN_UNUSED_VARIABLE = YES;
				IPHONEOS_DEPLOYMENT_TARGET = 12.4;
				MTL_ENABLE_DEBUG_INFO = NO;
				MTL_FAST_MATH = YES;
				SDKROOT = iphoneos;
				SWIFT_COMPILATION_MODE = wholemodule;
				SWIFT_OPTIMIZATION_LEVEL = "-O";
				VALIDATE_PRODUCT = YES;
			};
			name = Release;
		};
		D3C2D48A233F42C500CFBBE3 /* Debug */ = {
			isa = XCBuildConfiguration;
			buildSettings = {
				ASSETCATALOG_COMPILER_APPICON_NAME = AppIcon;
				CODE_SIGN_STYLE = Automatic;
				DEVELOPMENT_TEAM = 479QA3T36R;
				INFOPLIST_FILE = "Latin Mass Server Trainer/Info.plist";
				LD_RUNPATH_SEARCH_PATHS = (
					"$(inherited)",
					"@executable_path/Frameworks",
				);
				PRODUCT_BUNDLE_IDENTIFIER = "com.Callum.Hubka.Latin-Mass-Server-Trainer";
				PRODUCT_NAME = "$(TARGET_NAME)";
				SWIFT_VERSION = 5.0;
				TARGETED_DEVICE_FAMILY = 1;
			};
			name = Debug;
		};
		D3C2D48B233F42C500CFBBE3 /* Release */ = {
			isa = XCBuildConfiguration;
			buildSettings = {
				ASSETCATALOG_COMPILER_APPICON_NAME = AppIcon;
				CODE_SIGN_STYLE = Automatic;
				DEVELOPMENT_TEAM = 479QA3T36R;
				INFOPLIST_FILE = "Latin Mass Server Trainer/Info.plist";
				LD_RUNPATH_SEARCH_PATHS = (
					"$(inherited)",
					"@executable_path/Frameworks",
				);
				PRODUCT_BUNDLE_IDENTIFIER = "com.Callum.Hubka.Latin-Mass-Server-Trainer";
				PRODUCT_NAME = "$(TARGET_NAME)";
				SWIFT_VERSION = 5.0;
				TARGETED_DEVICE_FAMILY = 1;
			};
			name = Release;
		};
		D3C2D48D233F42C500CFBBE3 /* Debug */ = {
			isa = XCBuildConfiguration;
			buildSettings = {
				ALWAYS_EMBED_SWIFT_STANDARD_LIBRARIES = YES;
				BUNDLE_LOADER = "$(TEST_HOST)";
				CODE_SIGN_STYLE = Automatic;
				DEVELOPMENT_TEAM = 479QA3T36R;
				INFOPLIST_FILE = "Latin Mass Server TrainerTests/Info.plist";
				LD_RUNPATH_SEARCH_PATHS = (
					"$(inherited)",
					"@executable_path/Frameworks",
					"@loader_path/Frameworks",
				);
				PRODUCT_BUNDLE_IDENTIFIER = "com.Callum.Hubka.Latin-Mass-Server-TrainerTests";
				PRODUCT_NAME = "$(TARGET_NAME)";
				SWIFT_VERSION = 5.0;
				TARGETED_DEVICE_FAMILY = "1,2";
				TEST_HOST = "$(BUILT_PRODUCTS_DIR)/Latin Mass Server Trainer.app/Latin Mass Server Trainer";
			};
			name = Debug;
		};
		D3C2D48E233F42C500CFBBE3 /* Release */ = {
			isa = XCBuildConfiguration;
			buildSettings = {
				ALWAYS_EMBED_SWIFT_STANDARD_LIBRARIES = YES;
				BUNDLE_LOADER = "$(TEST_HOST)";
				CODE_SIGN_STYLE = Automatic;
				DEVELOPMENT_TEAM = 479QA3T36R;
				INFOPLIST_FILE = "Latin Mass Server TrainerTests/Info.plist";
				LD_RUNPATH_SEARCH_PATHS = (
					"$(inherited)",
					"@executable_path/Frameworks",
					"@loader_path/Frameworks",
				);
				PRODUCT_BUNDLE_IDENTIFIER = "com.Callum.Hubka.Latin-Mass-Server-TrainerTests";
				PRODUCT_NAME = "$(TARGET_NAME)";
				SWIFT_VERSION = 5.0;
				TARGETED_DEVICE_FAMILY = "1,2";
				TEST_HOST = "$(BUILT_PRODUCTS_DIR)/Latin Mass Server Trainer.app/Latin Mass Server Trainer";
			};
			name = Release;
		};
		D3C2D490233F42C500CFBBE3 /* Debug */ = {
			isa = XCBuildConfiguration;
			buildSettings = {
				ALWAYS_EMBED_SWIFT_STANDARD_LIBRARIES = YES;
				CODE_SIGN_STYLE = Automatic;
				DEVELOPMENT_TEAM = 479QA3T36R;
				INFOPLIST_FILE = "Latin Mass Server TrainerUITests/Info.plist";
				LD_RUNPATH_SEARCH_PATHS = (
					"$(inherited)",
					"@executable_path/Frameworks",
					"@loader_path/Frameworks",
				);
				PRODUCT_BUNDLE_IDENTIFIER = "com.Callum.Hubka.Latin-Mass-Server-TrainerUITests";
				PRODUCT_NAME = "$(TARGET_NAME)";
				SWIFT_VERSION = 5.0;
				TARGETED_DEVICE_FAMILY = "1,2";
				TEST_TARGET_NAME = "Latin Mass Server Trainer";
			};
			name = Debug;
		};
		D3C2D491233F42C500CFBBE3 /* Release */ = {
			isa = XCBuildConfiguration;
			buildSettings = {
				ALWAYS_EMBED_SWIFT_STANDARD_LIBRARIES = YES;
				CODE_SIGN_STYLE = Automatic;
				DEVELOPMENT_TEAM = 479QA3T36R;
				INFOPLIST_FILE = "Latin Mass Server TrainerUITests/Info.plist";
				LD_RUNPATH_SEARCH_PATHS = (
					"$(inherited)",
					"@executable_path/Frameworks",
					"@loader_path/Frameworks",
				);
				PRODUCT_BUNDLE_IDENTIFIER = "com.Callum.Hubka.Latin-Mass-Server-TrainerUITests";
				PRODUCT_NAME = "$(TARGET_NAME)";
				SWIFT_VERSION = 5.0;
				TARGETED_DEVICE_FAMILY = "1,2";
				TEST_TARGET_NAME = "Latin Mass Server Trainer";
			};
			name = Release;
		};
/* End XCBuildConfiguration section */

/* Begin XCConfigurationList section */
		D3C2D45C233F42B400CFBBE3 /* Build configuration list for PBXProject "Latin Mass Server Trainer" */ = {
			isa = XCConfigurationList;
			buildConfigurations = (
				D3C2D487233F42C500CFBBE3 /* Debug */,
				D3C2D488233F42C500CFBBE3 /* Release */,
			);
			defaultConfigurationIsVisible = 0;
			defaultConfigurationName = Release;
		};
		D3C2D489233F42C500CFBBE3 /* Build configuration list for PBXNativeTarget "Latin Mass Server Trainer" */ = {
			isa = XCConfigurationList;
			buildConfigurations = (
				D3C2D48A233F42C500CFBBE3 /* Debug */,
				D3C2D48B233F42C500CFBBE3 /* Release */,
			);
			defaultConfigurationIsVisible = 0;
			defaultConfigurationName = Release;
		};
		D3C2D48C233F42C500CFBBE3 /* Build configuration list for PBXNativeTarget "Latin Mass Server TrainerTests" */ = {
			isa = XCConfigurationList;
			buildConfigurations = (
				D3C2D48D233F42C500CFBBE3 /* Debug */,
				D3C2D48E233F42C500CFBBE3 /* Release */,
			);
			defaultConfigurationIsVisible = 0;
			defaultConfigurationName = Release;
		};
		D3C2D48F233F42C500CFBBE3 /* Build configuration list for PBXNativeTarget "Latin Mass Server TrainerUITests" */ = {
			isa = XCConfigurationList;
			buildConfigurations = (
				D3C2D490233F42C500CFBBE3 /* Debug */,
				D3C2D491233F42C500CFBBE3 /* Release */,
			);
			defaultConfigurationIsVisible = 0;
			defaultConfigurationName = Release;
		};
/* End XCConfigurationList section */
	};
	rootObject = D3C2D459233F42B400CFBBE3 /* Project object */;
}
